<?xml version="1.0" encoding="utf-8"?>
<Project ToolsVersion="4.0" xmlns="http://schemas.microsoft.com/developer/msbuild/2003">
  <ItemGroup>
    <Filter Include="Source Files">
      <UniqueIdentifier>{4FC737F1-C7A5-4376-A066-2A32D752A2FF}</UniqueIdentifier>
      <Extensions>cpp;c;cc;cxx;c++;cppm;ixx;def;odl;idl;hpj;bat;asm;asmx</Extensions>
    </Filter>
    <Filter Include="Header Files">
      <UniqueIdentifier>{93995380-89BD-4b04-88EB-625FBE52EBFB}</UniqueIdentifier>
      <Extensions>h;hh;hpp;hxx;h++;hm;inl;inc;ipp;xsd</Extensions>
    </Filter>
    <Filter Include="Resource Files">
      <UniqueIdentifier>{67DA6AB6-F800-4c08-8B7A-83BB121AAD01}</UniqueIdentifier>
      <Extensions>rc;ico;cur;bmp;dlg;rc2;rct;bin;rgs;gif;jpg;jpeg;jpe;resx;tiff;tif;png;wav;mfcribbon-ms</Extensions>
    </Filter>
    <Filter Include="Libraries">
      <UniqueIdentifier>{7f0a5abc-101a-4150-bee2-39388f64ac36}</UniqueIdentifier>
    </Filter>
  </ItemGroup>
  <ItemGroup>
    <ClCompile Include="main.cpp">
      <Filter>Source Files</Filter>
    </ClCompile>
    <ClCompile Include="Chess.cpp">
      <Filter>Source Files</Filter>
    </ClCompile>
    <ClCompile Include="ChessAlgorithms.cpp">
      <Filter>Source Files</Filter>
    </ClCompile>
    <ClCompile Include="Libraries\Processes.cpp">
      <Filter>Libraries</Filter>
    </ClCompile>
    <ClCompile Include="Libraries\EventManager.cpp">
      <Filter>Libraries</Filter>
    </ClCompile>
    <ClCompile Include="Libraries\Multicore.cpp">
      <Filter>Libraries</Filter>
    </ClCompile>
    <ClCompile Include="GameViews.cpp">
      <Filter>Source Files</Filter>
    </ClCompile>
    <ClCompile Include="Pieces.cpp">
      <Filter>Source Files</Filter>
    </ClCompile>
    <ClCompile Include="PieceComponents.cpp">
      <Filter>Source Files</Filter>
    </ClCompile>
    <ClCompile Include="Libraries\EngineUtility.cpp">
      <Filter>Libraries</Filter>
    </ClCompile>
    <ClCompile Include="Libraries\Logger.cpp">
      <Filter>Libraries</Filter>
    </ClCompile>
    <ClCompile Include="Libraries\ThirdParty\TinyXML2\tinyxml2.cpp">
      <Filter>Libraries</Filter>
    </ClCompile>
    <ClCompile Include="ChessEvents.cpp">
      <Filter>Source Files</Filter>
    </ClCompile>
  </ItemGroup>
  <ItemGroup>
    <ClInclude Include="Libraries\ThirdParty\FastDelegate\FastDelegate.h">
      <Filter>Header Files</Filter>
    </ClInclude>
    <ClInclude Include="Chess.h">
      <Filter>Header Files</Filter>
    </ClInclude>
    <ClInclude Include="Libraries\Processes.h">
      <Filter>Libraries</Filter>
    </ClInclude>
    <ClInclude Include="Libraries\EventManager.h">
      <Filter>Libraries</Filter>
    </ClInclude>
    <ClInclude Include="Libraries\Multicore.h">
      <Filter>Libraries</Filter>
    </ClInclude>
    <ClInclude Include="GameViews.h">
      <Filter>Header Files</Filter>
    </ClInclude>
    <ClInclude Include="Pieces.h">
      <Filter>Header Files</Filter>
    </ClInclude>
    <ClInclude Include="PieceComponents.h">
      <Filter>Header Files</Filter>
    </ClInclude>
    <ClInclude Include="Libraries\ThirdParty\TinyXML2\tinyxml2.h">
      <Filter>Libraries</Filter>
    </ClInclude>
    <ClInclude Include="Libraries\Logger.h">
      <Filter>Libraries</Filter>
    </ClInclude>
    <ClInclude Include="Libraries\EngineUtility.h">
      <Filter>Libraries</Filter>
    </ClInclude>
    <ClInclude Include="ChessEvents.h">
      <Filter>Header Files</Filter>
    </ClInclude>
  </ItemGroup>
  <ItemGroup>
    <Text Include="Fen_Strings.txt" />
  </ItemGroup>
  <ItemGroup>
    <Xml Include="ChessInit.xml" />
    <Xml Include="Log_file.xml" />
  </ItemGroup>
</Project>